lockfileVersion: 5.3

specifiers:
  '@types/jest': ^27.4.1
  '@types/uuid': ^8.3.4
  brace: ^0.11.1
  uuid: ^8.3.2

dependencies:
  brace: 0.11.1

devDependencies:
  '@types/jest': 27.4.1
  '@types/uuid': 8.3.4
  uuid: 8.3.2

packages:

  /@types/jest/27.4.1:
    resolution: {integrity: sha512-23iPJADSmicDVrWk+HT58LMJtzLAnB2AgIzplQuq/bSrGaxCrlvRFjGbXmamnnk/mAmCdLStiGqggu28ocUyiw==}
    dependencies:
      jest-matcher-utils: 27.5.1
      pretty-format: 27.5.1
    dev: true

  /@types/uuid/8.3.4:
    resolution: {integrity: sha512-c/I8ZRb51j+pYGAu5CrFMRxqZ2ke4y2grEBO5AUjgSkSk+qT2Ea+OdWElz/OiMf5MNpn2b17kuVBwZLQJXzihw==}
    dev: true

  /ansi-regex/5.0.1:
    resolution: {integrity: sha512-quJQXlTSUGL2LH9SUXo8VwsY4soanhgo6LNSm84E1LBcE8s3O0wpdiRzyR9z/ZZJMlMWv37qOOb9pdJlMUEKFQ==}
    engines: {node: '>=8'}
    dev: true

  /ansi-styles/4.3.0:
    resolution: {integrity: sha512-zbB9rCJAT1rbjiVDb2hqKFHNYLxgtk8NURxZ3IZwD3F6NtxbXZQCnnSi1Lkx+IDohdPlFp222wVALIheZJQSEg==}
    engines: {node: '>=8'}
    dependencies:
      color-convert: 2.0.1
    dev: true

  /ansi-styles/5.2.0:
    resolution: {integrity: sha512-Cxwpt2SfTzTtXcfOlzGEee8O+c+MmUgGrNiBcXnuWxuFJHe6a5Hz7qwhwe5OgaSYI0IJvkLqWX1ASG+cJOkEiA==}
    engines: {node: '>=10'}
    dev: true

  /brace/0.11.1:
    resolution: {integrity: sha1-SJb8ydVE7vRfS7dmDbMg07N5/lg=}
    dev: false

  /chalk/4.1.2:
    resolution: {integrity: sha512-oKnbhFyRIXpUuez8iBMmyEa4nbj4IOQyuhc/wy9kY7/WVPcwIO9VA668Pu8RkO7+0G76SLROeyw9CpQ061i4mA==}
    engines: {node: '>=10'}
    dependencies:
      ansi-styles: 4.3.0
      supports-color: 7.2.0
    dev: true

  /color-convert/2.0.1:
    resolution: {integrity: sha512-RRECPsj7iu/xb5oKYcsFHSppFNnsj/52OVTRKb4zP5onXwVF3zVmmToNcOfGC+CRDpfK/U584fMg38ZHCaElKQ==}
    engines: {node: '>=7.0.0'}
    dependencies:
      color-name: 1.1.4
    dev: true

  /color-name/1.1.4:
    resolution: {integrity: sha512-dOy+3AuW3a2wNbZHIuMZpTcgjGuLU/uBL/ubcZF9OXbDo8ff4O8yVp5Bf0efS8uEoYo5q4Fx7dY9OgQGXgAsQA==}
    dev: true

  /diff-sequences/27.5.1:
    resolution: {integrity: sha512-k1gCAXAsNgLwEL+Y8Wvl+M6oEFj5bgazfZULpS5CneoPPXRaCCW7dm+q21Ky2VEE5X+VeRDBVg1Pcvvsr4TtNQ==}
    engines: {node: ^10.13.0 || ^12.13.0 || ^14.15.0 || >=15.0.0}
    dev: true

  /has-flag/4.0.0:
    resolution: {integrity: sha512-EykJT/Q1KjTWctppgIAgfSO0tKVuZUjhgMr17kqTumMl6Afv3EISleU7qZUzoXDFTAHTDC4NOoG/ZxU3EvlMPQ==}
    engines: {node: '>=8'}
    dev: true

  /jest-diff/27.5.1:
    resolution: {integrity: sha512-m0NvkX55LDt9T4mctTEgnZk3fmEg3NRYutvMPWM/0iPnkFj2wIeF45O1718cMSOFO1vINkqmxqD8vE37uTEbqw==}
    engines: {node: ^10.13.0 || ^12.13.0 || ^14.15.0 || >=15.0.0}
    dependencies:
      chalk: 4.1.2
      diff-sequences: 27.5.1
      jest-get-type: 27.5.1
      pretty-format: 27.5.1
    dev: true

  /jest-get-type/27.5.1:
    resolution: {integrity: sha512-2KY95ksYSaK7DMBWQn6dQz3kqAf3BB64y2udeG+hv4KfSOb9qwcYQstTJc1KCbsix+wLZWZYN8t7nwX3GOBLRw==}
    engines: {node: ^10.13.0 || ^12.13.0 || ^14.15.0 || >=15.0.0}
    dev: true

  /jest-matcher-utils/27.5.1:
    resolution: {integrity: sha512-z2uTx/T6LBaCoNWNFWwChLBKYxTMcGBRjAt+2SbP929/Fflb9aa5LGma654Rz8z9HLxsrUaYzxE9T/EFIL/PAw==}
    engines: {node: ^10.13.0 || ^12.13.0 || ^14.15.0 || >=15.0.0}
    dependencies:
      chalk: 4.1.2
      jest-diff: 27.5.1
      jest-get-type: 27.5.1
      pretty-format: 27.5.1
    dev: true

  /pretty-format/27.5.1:
    resolution: {integrity: sha512-Qb1gy5OrP5+zDf2Bvnzdl3jsTf1qXVMazbvCoKhtKqVs4/YK4ozX4gKQJJVyNe+cajNPn0KoC0MC3FUmaHWEmQ==}
    engines: {node: ^10.13.0 || ^12.13.0 || ^14.15.0 || >=15.0.0}
    dependencies:
      ansi-regex: 5.0.1
      ansi-styles: 5.2.0
      react-is: 17.0.2
    dev: true

  /react-is/17.0.2:
    resolution: {integrity: sha512-w2GsyukL62IJnlaff/nRegPQR94C/XXamvMWmSHRJ4y7Ts/4ocGRmTHvOs8PSE6pB3dWOrD/nueuU5sduBsQ4w==}
    dev: true

  /supports-color/7.2.0:
    resolution: {integrity: sha512-qpCAvRl9stuOHveKsn7HncJRvv501qIacKzQlO/+Lwxc9+0q2wLyv4Dfvt80/DPn2pqOBsJdDiogXGR9+OvwRw==}
    engines: {node: '>=8'}
    dependencies:
      has-flag: 4.0.0
    dev: true

  /uuid/8.3.2:
    resolution: {integrity: sha512-+NYs2QeMWy+GWFOEm9xnn6HCDp0l7QBD7ml8zLUmJ+93Q5NF0NocErnwkTkXVFNiX3/fpC6afS8Dhb/gz7R7eg==}
    hasBin: true
    dev: true
